{
  "pins" : [
    {
      "identity" : "easypeasy",
      "kind" : "remoteSourceControl",
      "location" : "https://github.com/nakiostudio/EasyPeasy",
      "state" : {
        "revision" : "b0028f63d47bcb32e37d8abb9cc5d5a781742a4e",
        "version" : "1.10.0"
      }
    },
    {
      "identity" : "factory",
      "kind" : "remoteSourceControl",
      "location" : "https://github.com/hmlongco/Factory",
      "state" : {
        "revision" : "11cb81d39129d25329b7e1e3209cd0aea9b352f0",
        "version" : "1.3.5"
      }
    },
    {
      "identity" : "nuke",
      "kind" : "remoteSourceControl",
      "location" : "https://github.com/kean/Nuke",
      "state" : {
        "revision" : "7f73ceaeacd5df75a7994cd82e165ad9ff1815db",
        "version" : "9.6.1"
      }
    }
  ],
  "version" : 2
}
